
Microsoft Visual Studio Solution File, Format Version 12.00
# Visual Studio Version 17
VisualStudioVersion = 17.5.33502.453
MinimumVisualStudioVersion = 10.0.40219.1
Project("{9A19103F-16F7-4668-BE54-9A1E7A4F7556}") = "Bookstore.API", "bookstore.api\Bookstore.API.csproj", "{850A7B57-7665-4EC0-A737-C07950878F40}"
EndProject
Project("{2150E333-8FDC-42A3-9474-1A3956D46DE8}") = "1 - Services", "1 - Services", "{B8DA5F01-4B8B-4955-9799-BE5CCD6AF5C1}"
EndProject
Project("{2150E333-8FDC-42A3-9474-1A3956D46DE8}") = "6 - Teste", "6 - Teste", "{BD53F6F8-112E-47B4-BC34-3F4733ED87DB}"
EndProject
Project("{2150E333-8FDC-42A3-9474-1A3956D46DE8}") = "3 - Domain", "3 - Domain", "{FEB453E5-629C-4860-AD0C-2764503D500A}"
EndProject
Project("{2150E333-8FDC-42A3-9474-1A3956D46DE8}") = "4 - Infra", "4 - Infra", "{0DAF79A8-DA90-4057-BE68-E2D9B40E8DC3}"
EndProject
Project("{2150E333-8FDC-42A3-9474-1A3956D46DE8}") = "Solution Items", "Solution Items", "{CACD4B93-BE3D-4B4A-8108-E781DF4ECEDD}"
	ProjectSection(SolutionItems) = preProject
		.gitignore = .gitignore
	EndProjectSection
EndProject
Project("{9A19103F-16F7-4668-BE54-9A1E7A4F7556}") = "Bookstore.Infra", "Infra\Bookstore.Infra.csproj", "{94A4FC9E-FB59-4E60-9FC9-45612FBC18C8}"
EndProject
Project("{9A19103F-16F7-4668-BE54-9A1E7A4F7556}") = "Bookstore.Test", "Test\Bookstore.Test.csproj", "{65AA8574-2516-4CEC-BD90-72D6B84A2399}"
EndProject
Project("{2150E333-8FDC-42A3-9474-1A3956D46DE8}") = "5 - Common", "5 - Common", "{6F094279-1EE3-4B94-9E0F-B27C4DA20B33}"
EndProject
Project("{9A19103F-16F7-4668-BE54-9A1E7A4F7556}") = "Bookstore.Common", "Common\Bookstore.Common.csproj", "{8D4A3FEB-2BE4-4374-B254-1A2DD4C7F395}"
EndProject
Project("{2150E333-8FDC-42A3-9474-1A3956D46DE8}") = "2 - Application", "2 - Application", "{303D5846-364A-4F67-ACE6-3AC992250165}"
EndProject
Project("{9A19103F-16F7-4668-BE54-9A1E7A4F7556}") = "Bookstore.Application", "Bookstore.Application\Bookstore.Application.csproj", "{E7830548-1C7A-4261-80EF-617B8E13C83E}"
EndProject
Project("{9A19103F-16F7-4668-BE54-9A1E7A4F7556}") = "Bookstore.Domain", "Domain\Bookstore.Domain.csproj", "{1ABE9C3E-79D1-4AAA-9831-7F02D5F20211}"
EndProject
Global
	GlobalSection(SolutionConfigurationPlatforms) = preSolution
		Debug|Any CPU = Debug|Any CPU
		Release|Any CPU = Release|Any CPU
	EndGlobalSection
	GlobalSection(ProjectConfigurationPlatforms) = postSolution
		{850A7B57-7665-4EC0-A737-C07950878F40}.Debug|Any CPU.ActiveCfg = Debug|Any CPU
		{850A7B57-7665-4EC0-A737-C07950878F40}.Debug|Any CPU.Build.0 = Debug|Any CPU
		{850A7B57-7665-4EC0-A737-C07950878F40}.Release|Any CPU.ActiveCfg = Release|Any CPU
		{850A7B57-7665-4EC0-A737-C07950878F40}.Release|Any CPU.Build.0 = Release|Any CPU
		{94A4FC9E-FB59-4E60-9FC9-45612FBC18C8}.Debug|Any CPU.ActiveCfg = Debug|Any CPU
		{94A4FC9E-FB59-4E60-9FC9-45612FBC18C8}.Debug|Any CPU.Build.0 = Debug|Any CPU
		{94A4FC9E-FB59-4E60-9FC9-45612FBC18C8}.Release|Any CPU.ActiveCfg = Release|Any CPU
		{94A4FC9E-FB59-4E60-9FC9-45612FBC18C8}.Release|Any CPU.Build.0 = Release|Any CPU
		{65AA8574-2516-4CEC-BD90-72D6B84A2399}.Debug|Any CPU.ActiveCfg = Debug|Any CPU
		{65AA8574-2516-4CEC-BD90-72D6B84A2399}.Debug|Any CPU.Build.0 = Debug|Any CPU
		{65AA8574-2516-4CEC-BD90-72D6B84A2399}.Release|Any CPU.ActiveCfg = Release|Any CPU
		{65AA8574-2516-4CEC-BD90-72D6B84A2399}.Release|Any CPU.Build.0 = Release|Any CPU
		{8D4A3FEB-2BE4-4374-B254-1A2DD4C7F395}.Debug|Any CPU.ActiveCfg = Debug|Any CPU
		{8D4A3FEB-2BE4-4374-B254-1A2DD4C7F395}.Debug|Any CPU.Build.0 = Debug|Any CPU
		{8D4A3FEB-2BE4-4374-B254-1A2DD4C7F395}.Release|Any CPU.ActiveCfg = Release|Any CPU
		{8D4A3FEB-2BE4-4374-B254-1A2DD4C7F395}.Release|Any CPU.Build.0 = Release|Any CPU
		{E7830548-1C7A-4261-80EF-617B8E13C83E}.Debug|Any CPU.ActiveCfg = Debug|Any CPU
		{E7830548-1C7A-4261-80EF-617B8E13C83E}.Debug|Any CPU.Build.0 = Debug|Any CPU
		{E7830548-1C7A-4261-80EF-617B8E13C83E}.Release|Any CPU.ActiveCfg = Release|Any CPU
		{E7830548-1C7A-4261-80EF-617B8E13C83E}.Release|Any CPU.Build.0 = Release|Any CPU
		{1ABE9C3E-79D1-4AAA-9831-7F02D5F20211}.Debug|Any CPU.ActiveCfg = Debug|Any CPU
		{1ABE9C3E-79D1-4AAA-9831-7F02D5F20211}.Debug|Any CPU.Build.0 = Debug|Any CPU
		{1ABE9C3E-79D1-4AAA-9831-7F02D5F20211}.Release|Any CPU.ActiveCfg = Release|Any CPU
		{1ABE9C3E-79D1-4AAA-9831-7F02D5F20211}.Release|Any CPU.Build.0 = Release|Any CPU
	EndGlobalSection
	GlobalSection(SolutionProperties) = preSolution
		HideSolutionNode = FALSE
	EndGlobalSection
	GlobalSection(NestedProjects) = preSolution
		{850A7B57-7665-4EC0-A737-C07950878F40} = {B8DA5F01-4B8B-4955-9799-BE5CCD6AF5C1}
		{94A4FC9E-FB59-4E60-9FC9-45612FBC18C8} = {0DAF79A8-DA90-4057-BE68-E2D9B40E8DC3}
		{65AA8574-2516-4CEC-BD90-72D6B84A2399} = {BD53F6F8-112E-47B4-BC34-3F4733ED87DB}
		{8D4A3FEB-2BE4-4374-B254-1A2DD4C7F395} = {6F094279-1EE3-4B94-9E0F-B27C4DA20B33}
		{E7830548-1C7A-4261-80EF-617B8E13C83E} = {303D5846-364A-4F67-ACE6-3AC992250165}
		{1ABE9C3E-79D1-4AAA-9831-7F02D5F20211} = {FEB453E5-629C-4860-AD0C-2764503D500A}
	EndGlobalSection
	GlobalSection(ExtensibilityGlobals) = postSolution
		SolutionGuid = {3DAA21BE-0A47-44DE-A91E-57246C1E7529}
	EndGlobalSection
EndGlobal
